
Microsoft Visual Studio Solution File, Format Version 12.00
# Visual Studio 2012
Project("{8BC9CEB8-8B4A-11D0-8D11-00A0C91BC942}") = "哈夫曼编码_最小堆_2", "哈夫曼编码_最小堆_2\哈夫曼编码_最小堆_2.vcxproj", "{C716C4CF-654D-4F5D-8D92-4CE7B37A6ABB}"
EndProject
Global
	GlobalSection(SolutionConfigurationPlatforms) = preSolution
		Debug|Win32 = Debug|Win32
		Release|Win32 = Release|Win32
	EndGlobalSection
	GlobalSection(ProjectConfigurationPlatforms) = postSolution
		{C716C4CF-654D-4F5D-8D92-4CE7B37A6ABB}.Debug|Win32.ActiveCfg = Debug|Win32
		{C716C4CF-654D-4F5D-8D92-4CE7B37A6ABB}.Debug|Win32.Build.0 = Debug|Win32
		{C716C4CF-654D-4F5D-8D92-4CE7B37A6ABB}.Release|Win32.ActiveCfg = Release|Win32
		{C716C4CF-654D-4F5D-8D92-4CE7B37A6ABB}.Release|Win32.Build.0 = Release|Win32
	EndGlobalSection
	GlobalSection(SolutionProperties) = preSolution
		HideSolutionNode = FALSE
	EndGlobalSection
EndGlobal
